{
  "version": "5",
  "specifiers": {
    "npm:@types/node@*": "24.2.0",
    "npm:@types/pngjs@6.0.5": "6.0.5"
  },
  "npm": {
    "@types/node@24.2.0": {
      "integrity": "sha512-3xyG3pMCq3oYCNg7/ZP+E1ooTaGB4cG8JWRsqqOYQdbWNY4zbaV0Ennrd7stjiJEFZCaybcIgpTjJWHRfBSIDw==",
      "dependencies": [
        "undici-types"
      ]
    },
    "@types/pngjs@6.0.5": {
      "integrity": "sha512-0k5eKfrA83JOZPppLtS2C7OUtyNAl2wKNxfyYl9Q5g9lPkgBl/9hNyAu6HuEH2J4XmIv2znEpkDd0SaZVxW6iQ==",
      "dependencies": [
        "@types/node"
      ]
    },
    "undici-types@7.10.0": {
      "integrity": "sha512-t5Fy/nfn+14LuOc2KNYg75vZqClpAiqscVvMygNnlsHBFpSXdJaYtXMcdNLpl/Qvc3P2cB3s6lOV51nqsFq4ag=="
    }
  },
  "remote": {
    "https://esm.sh/@supabase/supabase-js@2.91.1": "6c889cd9ee2c4a3a6f586c892343117431b167c3168b1d0e2a8941782efa868f"
  }
}
